
Microsoft Visual Studio Solution File, Format Version 12.00
# Visual Studio 14
VisualStudioVersion = 14.0.25123.0
MinimumVisualStudioVersion = 10.0.40219.1
Project("{D2ABAB84-BF74-430A-B69E-9DC6D40DDA17}") = "FlightsCube", "FlightsCube\FlightsCube.dwproj", "{60A4940F-D748-477E-A063-30F967B95849}"
EndProject
Global
	GlobalSection(SolutionConfigurationPlatforms) = preSolution
		Development|Default = Development|Default
	EndGlobalSection
	GlobalSection(ProjectConfigurationPlatforms) = postSolution
		{60A4940F-D748-477E-A063-30F967B95849}.Development|Default.ActiveCfg = Development
		{60A4940F-D748-477E-A063-30F967B95849}.Development|Default.Build.0 = Development
		{60A4940F-D748-477E-A063-30F967B95849}.Development|Default.Deploy.0 = Development
	EndGlobalSection
	GlobalSection(SolutionProperties) = preSolution
		HideSolutionNode = FALSE
	EndGlobalSection
EndGlobal
