
Microsoft Visual Studio Solution File, Format Version 12.00
# Visual Studio 14
VisualStudioVersion = 14.0.25123.0
MinimumVisualStudioVersion = 10.0.40219.1
Project("{D2ABAB84-BF74-430A-B69E-9DC6D40DDA17}") = "FlightsCubeTry2", "FlightsCubeTry2\FlightsCubeTry2.dwproj", "{CE3C3E69-6C4A-42C4-9C03-68AFEB660AF1}"
EndProject
Global
	GlobalSection(SolutionConfigurationPlatforms) = preSolution
		Development|Default = Development|Default
	EndGlobalSection
	GlobalSection(ProjectConfigurationPlatforms) = postSolution
		{CE3C3E69-6C4A-42C4-9C03-68AFEB660AF1}.Development|Default.ActiveCfg = Development
		{CE3C3E69-6C4A-42C4-9C03-68AFEB660AF1}.Development|Default.Build.0 = Development
		{CE3C3E69-6C4A-42C4-9C03-68AFEB660AF1}.Development|Default.Deploy.0 = Development
	EndGlobalSection
	GlobalSection(SolutionProperties) = preSolution
		HideSolutionNode = FALSE
	EndGlobalSection
EndGlobal
