
Microsoft Visual Studio Solution File, Format Version 12.00
# Visual Studio 14
VisualStudioVersion = 14.0.25123.0
MinimumVisualStudioVersion = 10.0.40219.1
Project("{D2ABAB84-BF74-430A-B69E-9DC6D40DDA17}") = "FlightsDWHCube_v.2.0", "FlightsDWHCube_v.2.0\FlightsDWHCube_v.2.0.dwproj", "{B103F774-340E-4DBF-A050-ADFF9A66F10F}"
EndProject
Global
	GlobalSection(SolutionConfigurationPlatforms) = preSolution
		Development|Default = Development|Default
	EndGlobalSection
	GlobalSection(ProjectConfigurationPlatforms) = postSolution
		{B103F774-340E-4DBF-A050-ADFF9A66F10F}.Development|Default.ActiveCfg = Development
		{B103F774-340E-4DBF-A050-ADFF9A66F10F}.Development|Default.Build.0 = Development
		{B103F774-340E-4DBF-A050-ADFF9A66F10F}.Development|Default.Deploy.0 = Development
	EndGlobalSection
	GlobalSection(SolutionProperties) = preSolution
		HideSolutionNode = FALSE
	EndGlobalSection
EndGlobal
